// !$*UTF8*$!
{
	archiveVersion = 1;
	classes = {
	};
	objectVersion = 50;
	objects = {

/* Begin PBXBuildFile section */
		4526E0222734384F00BC93B0 /* AppDelegate.swift in Sources */ = {isa = PBXBuildFile; fileRef = 4526E0212734384F00BC93B0 /* AppDelegate.swift */; };
		4526E0242734384F00BC93B0 /* SceneDelegate.swift in Sources */ = {isa = PBXBuildFile; fileRef = 4526E0232734384F00BC93B0 /* SceneDelegate.swift */; };
		4526E0262734384F00BC93B0 /* MainViewController.swift in Sources */ = {isa = PBXBuildFile; fileRef = 4526E0252734384F00BC93B0 /* MainViewController.swift */; };
		4526E0292734384F00BC93B0 /* Main.storyboard in Resources */ = {isa = PBXBuildFile; fileRef = 4526E0272734384F00BC93B0 /* Main.storyboard */; };
		4526E02C2734384F00BC93B0 /* JointDev.xcdatamodeld in Sources */ = {isa = PBXBuildFile; fileRef = 4526E02A2734384F00BC93B0 /* JointDev.xcdatamodeld */; };
		4526E02E2734385200BC93B0 /* Assets.xcassets in Resources */ = {isa = PBXBuildFile; fileRef = 4526E02D2734385200BC93B0 /* Assets.xcassets */; };
		4526E0312734385200BC93B0 /* LaunchScreen.storyboard in Resources */ = {isa = PBXBuildFile; fileRef = 4526E02F2734385200BC93B0 /* LaunchScreen.storyboard */; };
		4526E03C2734385200BC93B0 /* JointDevTests.swift in Sources */ = {isa = PBXBuildFile; fileRef = 4526E03B2734385200BC93B0 /* JointDevTests.swift */; };
		4526E0472734385200BC93B0 /* JointDevUITests.swift in Sources */ = {isa = PBXBuildFile; fileRef = 4526E0462734385200BC93B0 /* JointDevUITests.swift */; };
		4526E07927343C0F00BC93B0 /* TempViewController.swift in Sources */ = {isa = PBXBuildFile; fileRef = 4526E07827343C0F00BC93B0 /* TempViewController.swift */; };
		4526E07F27343C2500BC93B0 /* TempViewController.storyboard in Resources */ = {isa = PBXBuildFile; fileRef = 4526E07E27343C2500BC93B0 /* TempViewController.storyboard */; };
		4526E08427343C3D00BC93B0 /* TempViewModel.swift in Sources */ = {isa = PBXBuildFile; fileRef = 4526E08327343C3D00BC93B0 /* TempViewModel.swift */; };
		4526E08927343C5800BC93B0 /* TempModel.swift in Sources */ = {isa = PBXBuildFile; fileRef = 4526E08827343C5800BC93B0 /* TempModel.swift */; };
		639275BC27914B3000D88CCA /* CurrentTime.swift in Sources */ = {isa = PBXBuildFile; fileRef = 639275B727914B3000D88CCA /* CurrentTime.swift */; };
		639275BD27914B3000D88CCA /* KekeViewController.storyboard in Resources */ = {isa = PBXBuildFile; fileRef = 639275B827914B3000D88CCA /* KekeViewController.storyboard */; };
		639275BE27914B3000D88CCA /* KekeViewController.swift in Sources */ = {isa = PBXBuildFile; fileRef = 639275B927914B3000D88CCA /* KekeViewController.swift */; };
		639275BF27914B3000D88CCA /* Alarm.swift in Sources */ = {isa = PBXBuildFile; fileRef = 639275BA27914B3000D88CCA /* Alarm.swift */; };
		639275C027914B3000D88CCA /* StopAlarmViewController.swift in Sources */ = {isa = PBXBuildFile; fileRef = 639275BB27914B3000D88CCA /* StopAlarmViewController.swift */; };
		639275C22791501C00D88CCA /* Gunshot01-1.mp3 in Resources */ = {isa = PBXBuildFile; fileRef = 639275C12791501C00D88CCA /* Gunshot01-1.mp3 */; };
		65C27C31274FE9DE003DBEF6 /* MainTableViewCell.swift in Sources */ = {isa = PBXBuildFile; fileRef = 65C27C2F274FE9DE003DBEF6 /* MainTableViewCell.swift */; };
		65C27C32274FE9DE003DBEF6 /* MainTableViewCell.xib in Resources */ = {isa = PBXBuildFile; fileRef = 65C27C30274FE9DE003DBEF6 /* MainTableViewCell.xib */; };
		65C27C37274FEC9B003DBEF6 /* MainViewModel.swift in Sources */ = {isa = PBXBuildFile; fileRef = 65C27C36274FEC9B003DBEF6 /* MainViewModel.swift */; };
		65C27C3C274FECC3003DBEF6 /* MainModel.swift in Sources */ = {isa = PBXBuildFile; fileRef = 65C27C3B274FECC3003DBEF6 /* MainModel.swift */; };
		65C27C44274FF977003DBEF6 /* UITableViewCell+.swift in Sources */ = {isa = PBXBuildFile; fileRef = 65C27C43274FF977003DBEF6 /* UITableViewCell+.swift */; };
		65C27C4D274FFF0F003DBEF6 /* UIViewController+.swift in Sources */ = {isa = PBXBuildFile; fileRef = 65C27C4C274FFF0F003DBEF6 /* UIViewController+.swift */; };
		65C27C52274FFF8C003DBEF6 /* NSObject+.swift in Sources */ = {isa = PBXBuildFile; fileRef = 65C27C51274FFF8C003DBEF6 /* NSObject+.swift */; };
		65C27C6B2750ABFA003DBEF6 /* KeiViewController.swift in Sources */ = {isa = PBXBuildFile; fileRef = 65C27C6A2750ABFA003DBEF6 /* KeiViewController.swift */; };
		65C27C702750AC0B003DBEF6 /* KeiViewController.storyboard in Resources */ = {isa = PBXBuildFile; fileRef = 65C27C6F2750AC0B003DBEF6 /* KeiViewController.storyboard */; };
		65C27C7F2750AC30003DBEF6 /* KatoshinViewController.swift in Sources */ = {isa = PBXBuildFile; fileRef = 65C27C7E2750AC30003DBEF6 /* KatoshinViewController.swift */; };
		65C27C842750AC3B003DBEF6 /* KatoshinViewController.storyboard in Resources */ = {isa = PBXBuildFile; fileRef = 65C27C832750AC3B003DBEF6 /* KatoshinViewController.storyboard */; };
		65C27C892750AC4C003DBEF6 /* KameViewController.swift in Sources */ = {isa = PBXBuildFile; fileRef = 65C27C882750AC4C003DBEF6 /* KameViewController.swift */; };
		65C27C8E2750AC54003DBEF6 /* KameViewController.storyboard in Resources */ = {isa = PBXBuildFile; fileRef = 65C27C8D2750AC54003DBEF6 /* KameViewController.storyboard */; };
		65C27C932750AC60003DBEF6 /* MasakiViewController.storyboard in Resources */ = {isa = PBXBuildFile; fileRef = 65C27C922750AC60003DBEF6 /* MasakiViewController.storyboard */; };
		65C27C982750AC6A003DBEF6 /* MasakiViewController.swift in Sources */ = {isa = PBXBuildFile; fileRef = 65C27C972750AC6A003DBEF6 /* MasakiViewController.swift */; };
		65C27C9D2750AC76003DBEF6 /* RyomaViewController.swift in Sources */ = {isa = PBXBuildFile; fileRef = 65C27C9C2750AC76003DBEF6 /* RyomaViewController.swift */; };
		65C27CA22750AC7F003DBEF6 /* RyomaViewController.storyboard in Resources */ = {isa = PBXBuildFile; fileRef = 65C27CA12750AC7F003DBEF6 /* RyomaViewController.storyboard */; };
/* End PBXBuildFile section */

/* Begin PBXContainerItemProxy section */
		4526E0382734385200BC93B0 /* PBXContainerItemProxy */ = {
			isa = PBXContainerItemProxy;
			containerPortal = 4526E0162734384F00BC93B0 /* Project object */;
			proxyType = 1;
			remoteGlobalIDString = 4526E01D2734384F00BC93B0;
			remoteInfo = JointDev;
		};
		4526E0432734385200BC93B0 /* PBXContainerItemProxy */ = {
			isa = PBXContainerItemProxy;
			containerPortal = 4526E0162734384F00BC93B0 /* Project object */;
			proxyType = 1;
			remoteGlobalIDString = 4526E01D2734384F00BC93B0;
			remoteInfo = JointDev;
		};
/* End PBXContainerItemProxy section */

/* Begin PBXFileReference section */
		4526E01E2734384F00BC93B0 /* JointDev.app */ = {isa = PBXFileReference; explicitFileType = wrapper.application; includeInIndex = 0; path = JointDev.app; sourceTree = BUILT_PRODUCTS_DIR; };
		4526E0212734384F00BC93B0 /* AppDelegate.swift */ = {isa = PBXFileReference; lastKnownFileType = sourcecode.swift; path = AppDelegate.swift; sourceTree = "<group>"; };
		4526E0232734384F00BC93B0 /* SceneDelegate.swift */ = {isa = PBXFileReference; lastKnownFileType = sourcecode.swift; path = SceneDelegate.swift; sourceTree = "<group>"; };
		4526E0252734384F00BC93B0 /* MainViewController.swift */ = {isa = PBXFileReference; lastKnownFileType = sourcecode.swift; path = MainViewController.swift; sourceTree = "<group>"; };
		4526E0282734384F00BC93B0 /* Base */ = {isa = PBXFileReference; lastKnownFileType = file.storyboard; name = Base; path = Base.lproj/Main.storyboard; sourceTree = "<group>"; };
		4526E02B2734384F00BC93B0 /* JointDev.xcdatamodel */ = {isa = PBXFileReference; lastKnownFileType = wrapper.xcdatamodel; path = JointDev.xcdatamodel; sourceTree = "<group>"; };
		4526E02D2734385200BC93B0 /* Assets.xcassets */ = {isa = PBXFileReference; lastKnownFileType = folder.assetcatalog; path = Assets.xcassets; sourceTree = "<group>"; };
		4526E0302734385200BC93B0 /* Base */ = {isa = PBXFileReference; lastKnownFileType = file.storyboard; name = Base; path = Base.lproj/LaunchScreen.storyboard; sourceTree = "<group>"; };
		4526E0322734385200BC93B0 /* Info.plist */ = {isa = PBXFileReference; lastKnownFileType = text.plist.xml; path = Info.plist; sourceTree = "<group>"; };
		4526E0372734385200BC93B0 /* JointDevTests.xctest */ = {isa = PBXFileReference; explicitFileType = wrapper.cfbundle; includeInIndex = 0; path = JointDevTests.xctest; sourceTree = BUILT_PRODUCTS_DIR; };
		4526E03B2734385200BC93B0 /* JointDevTests.swift */ = {isa = PBXFileReference; lastKnownFileType = sourcecode.swift; path = JointDevTests.swift; sourceTree = "<group>"; };
		4526E03D2734385200BC93B0 /* Info.plist */ = {isa = PBXFileReference; lastKnownFileType = text.plist.xml; path = Info.plist; sourceTree = "<group>"; };
		4526E0422734385200BC93B0 /* JointDevUITests.xctest */ = {isa = PBXFileReference; explicitFileType = wrapper.cfbundle; includeInIndex = 0; path = JointDevUITests.xctest; sourceTree = BUILT_PRODUCTS_DIR; };
		4526E0462734385200BC93B0 /* JointDevUITests.swift */ = {isa = PBXFileReference; lastKnownFileType = sourcecode.swift; path = JointDevUITests.swift; sourceTree = "<group>"; };
		4526E0482734385200BC93B0 /* Info.plist */ = {isa = PBXFileReference; lastKnownFileType = text.plist.xml; path = Info.plist; sourceTree = "<group>"; };
		4526E07827343C0F00BC93B0 /* TempViewController.swift */ = {isa = PBXFileReference; lastKnownFileType = sourcecode.swift; path = TempViewController.swift; sourceTree = "<group>"; };
		4526E07E27343C2500BC93B0 /* TempViewController.storyboard */ = {isa = PBXFileReference; lastKnownFileType = file.storyboard; path = TempViewController.storyboard; sourceTree = "<group>"; };
		4526E08327343C3D00BC93B0 /* TempViewModel.swift */ = {isa = PBXFileReference; lastKnownFileType = sourcecode.swift; path = TempViewModel.swift; sourceTree = "<group>"; };
		4526E08827343C5800BC93B0 /* TempModel.swift */ = {isa = PBXFileReference; lastKnownFileType = sourcecode.swift; path = TempModel.swift; sourceTree = "<group>"; };
		639275B727914B3000D88CCA /* CurrentTime.swift */ = {isa = PBXFileReference; fileEncoding = 4; lastKnownFileType = sourcecode.swift; path = CurrentTime.swift; sourceTree = "<group>"; };
		639275B827914B3000D88CCA /* KekeViewController.storyboard */ = {isa = PBXFileReference; fileEncoding = 4; lastKnownFileType = file.storyboard; path = KekeViewController.storyboard; sourceTree = "<group>"; };
		639275B927914B3000D88CCA /* KekeViewController.swift */ = {isa = PBXFileReference; fileEncoding = 4; lastKnownFileType = sourcecode.swift; path = KekeViewController.swift; sourceTree = "<group>"; };
		639275BA27914B3000D88CCA /* Alarm.swift */ = {isa = PBXFileReference; fileEncoding = 4; lastKnownFileType = sourcecode.swift; path = Alarm.swift; sourceTree = "<group>"; };
		639275BB27914B3000D88CCA /* StopAlarmViewController.swift */ = {isa = PBXFileReference; fileEncoding = 4; lastKnownFileType = sourcecode.swift; path = StopAlarmViewController.swift; sourceTree = "<group>"; };
		639275C12791501C00D88CCA /* Gunshot01-1.mp3 */ = {isa = PBXFileReference; lastKnownFileType = audio.mp3; path = "Gunshot01-1.mp3"; sourceTree = "<group>"; };
		65C27C2F274FE9DE003DBEF6 /* MainTableViewCell.swift */ = {isa = PBXFileReference; lastKnownFileType = sourcecode.swift; path = MainTableViewCell.swift; sourceTree = "<group>"; };
		65C27C30274FE9DE003DBEF6 /* MainTableViewCell.xib */ = {isa = PBXFileReference; lastKnownFileType = file.xib; path = MainTableViewCell.xib; sourceTree = "<group>"; };
		65C27C36274FEC9B003DBEF6 /* MainViewModel.swift */ = {isa = PBXFileReference; lastKnownFileType = sourcecode.swift; path = MainViewModel.swift; sourceTree = "<group>"; };
		65C27C3B274FECC3003DBEF6 /* MainModel.swift */ = {isa = PBXFileReference; lastKnownFileType = sourcecode.swift; path = MainModel.swift; sourceTree = "<group>"; };
		65C27C43274FF977003DBEF6 /* UITableViewCell+.swift */ = {isa = PBXFileReference; lastKnownFileType = sourcecode.swift; path = "UITableViewCell+.swift"; sourceTree = "<group>"; };
		65C27C4C274FFF0F003DBEF6 /* UIViewController+.swift */ = {isa = PBXFileReference; lastKnownFileType = sourcecode.swift; path = "UIViewController+.swift"; sourceTree = "<group>"; };
		65C27C51274FFF8C003DBEF6 /* NSObject+.swift */ = {isa = PBXFileReference; lastKnownFileType = sourcecode.swift; path = "NSObject+.swift"; sourceTree = "<group>"; };
		65C27C6A2750ABFA003DBEF6 /* KeiViewController.swift */ = {isa = PBXFileReference; lastKnownFileType = sourcecode.swift; path = KeiViewController.swift; sourceTree = "<group>"; };
		65C27C6F2750AC0B003DBEF6 /* KeiViewController.storyboard */ = {isa = PBXFileReference; lastKnownFileType = file.storyboard; path = KeiViewController.storyboard; sourceTree = "<group>"; };
		65C27C7E2750AC30003DBEF6 /* KatoshinViewController.swift */ = {isa = PBXFileReference; lastKnownFileType = sourcecode.swift; path = KatoshinViewController.swift; sourceTree = "<group>"; };
		65C27C832750AC3B003DBEF6 /* KatoshinViewController.storyboard */ = {isa = PBXFileReference; lastKnownFileType = file.storyboard; path = KatoshinViewController.storyboard; sourceTree = "<group>"; };
		65C27C882750AC4C003DBEF6 /* KameViewController.swift */ = {isa = PBXFileReference; lastKnownFileType = sourcecode.swift; name = KameViewController.swift; path = JointDev/View/Main/Child/katoshin/KameViewController.swift; sourceTree = SOURCE_ROOT; };
		65C27C8D2750AC54003DBEF6 /* KameViewController.storyboard */ = {isa = PBXFileReference; lastKnownFileType = file.storyboard; path = KameViewController.storyboard; sourceTree = "<group>"; };
		65C27C922750AC60003DBEF6 /* MasakiViewController.storyboard */ = {isa = PBXFileReference; lastKnownFileType = file.storyboard; path = MasakiViewController.storyboard; sourceTree = "<group>"; };
		65C27C972750AC6A003DBEF6 /* MasakiViewController.swift */ = {isa = PBXFileReference; lastKnownFileType = sourcecode.swift; path = MasakiViewController.swift; sourceTree = "<group>"; };
		65C27C9C2750AC76003DBEF6 /* RyomaViewController.swift */ = {isa = PBXFileReference; lastKnownFileType = sourcecode.swift; path = RyomaViewController.swift; sourceTree = "<group>"; };
		65C27CA12750AC7F003DBEF6 /* RyomaViewController.storyboard */ = {isa = PBXFileReference; lastKnownFileType = file.storyboard; path = RyomaViewController.storyboard; sourceTree = "<group>"; };
/* End PBXFileReference section */

/* Begin PBXFrameworksBuildPhase section */
		4526E01B2734384F00BC93B0 /* Frameworks */ = {
			isa = PBXFrameworksBuildPhase;
			buildActionMask = 2147483647;
			files = (
			);
			runOnlyForDeploymentPostprocessing = 0;
		};
		4526E0342734385200BC93B0 /* Frameworks */ = {
			isa = PBXFrameworksBuildPhase;
			buildActionMask = 2147483647;
			files = (
			);
			runOnlyForDeploymentPostprocessing = 0;
		};
		4526E03F2734385200BC93B0 /* Frameworks */ = {
			isa = PBXFrameworksBuildPhase;
			buildActionMask = 2147483647;
			files = (
			);
			runOnlyForDeploymentPostprocessing = 0;
		};
/* End PBXFrameworksBuildPhase section */

/* Begin PBXGroup section */
		4526E0152734384F00BC93B0 = {
			isa = PBXGroup;
			children = (
				4526E0202734384F00BC93B0 /* JointDev */,
				4526E03A2734385200BC93B0 /* JointDevTests */,
				4526E0452734385200BC93B0 /* JointDevUITests */,
				4526E01F2734384F00BC93B0 /* Products */,
			);
			sourceTree = "<group>";
		};
		4526E01F2734384F00BC93B0 /* Products */ = {
			isa = PBXGroup;
			children = (
				4526E01E2734384F00BC93B0 /* JointDev.app */,
				4526E0372734385200BC93B0 /* JointDevTests.xctest */,
				4526E0422734385200BC93B0 /* JointDevUITests.xctest */,
			);
			name = Products;
			sourceTree = "<group>";
		};
		4526E0202734384F00BC93B0 /* JointDev */ = {
			isa = PBXGroup;
			children = (
				4526E05C2734393900BC93B0 /* Support */,
				4526E0582734388500BC93B0 /* Delegate */,
				4526E0572734387300BC93B0 /* View */,
				65C27C48274FF981003DBEF6 /* Extension */,
			);
			path = JointDev;
			sourceTree = "<group>";
		};
		4526E03A2734385200BC93B0 /* JointDevTests */ = {
			isa = PBXGroup;
			children = (
				4526E03B2734385200BC93B0 /* JointDevTests.swift */,
				4526E03D2734385200BC93B0 /* Info.plist */,
			);
			path = JointDevTests;
			sourceTree = "<group>";
		};
		4526E0452734385200BC93B0 /* JointDevUITests */ = {
			isa = PBXGroup;
			children = (
				4526E0462734385200BC93B0 /* JointDevUITests.swift */,
				4526E0482734385200BC93B0 /* Info.plist */,
			);
			path = JointDevUITests;
			sourceTree = "<group>";
		};
		4526E0572734387300BC93B0 /* View */ = {
			isa = PBXGroup;
			children = (
				4526E05E2734397200BC93B0 /* Main */,
			);
			path = View;
			sourceTree = "<group>";
		};
		4526E0582734388500BC93B0 /* Delegate */ = {
			isa = PBXGroup;
			children = (
				4526E0212734384F00BC93B0 /* AppDelegate.swift */,
				4526E0232734384F00BC93B0 /* SceneDelegate.swift */,
			);
			path = Delegate;
			sourceTree = "<group>";
		};
		4526E05C2734393900BC93B0 /* Support */ = {
			isa = PBXGroup;
			children = (
				4526E0322734385200BC93B0 /* Info.plist */,
				4526E02A2734384F00BC93B0 /* JointDev.xcdatamodeld */,
				4526E02D2734385200BC93B0 /* Assets.xcassets */,
				4526E05D2734396100BC93B0 /* Launch */,
			);
			path = Support;
			sourceTree = "<group>";
		};
		4526E05D2734396100BC93B0 /* Launch */ = {
			isa = PBXGroup;
			children = (
				4526E02F2734385200BC93B0 /* LaunchScreen.storyboard */,
			);
			path = Launch;
			sourceTree = "<group>";
		};
		4526E05E2734397200BC93B0 /* Main */ = {
			isa = PBXGroup;
			children = (
				4526E0252734384F00BC93B0 /* MainViewController.swift */,
				4526E0272734384F00BC93B0 /* Main.storyboard */,
				65C27C2F274FE9DE003DBEF6 /* MainTableViewCell.swift */,
				65C27C30274FE9DE003DBEF6 /* MainTableViewCell.xib */,
				65C27C36274FEC9B003DBEF6 /* MainViewModel.swift */,
				65C27C3B274FECC3003DBEF6 /* MainModel.swift */,
				65C27C5F27500615003DBEF6 /* Child */,
			);
			path = Main;
			sourceTree = "<group>";
		};
		4526E07727343BF900BC93B0 /* Template */ = {
			isa = PBXGroup;
			children = (
				4526E07827343C0F00BC93B0 /* TempViewController.swift */,
				4526E07E27343C2500BC93B0 /* TempViewController.storyboard */,
				4526E08327343C3D00BC93B0 /* TempViewModel.swift */,
				4526E08827343C5800BC93B0 /* TempModel.swift */,
			);
			path = Template;
			sourceTree = "<group>";
		};
		65C27C48274FF981003DBEF6 /* Extension */ = {
			isa = PBXGroup;
			children = (
				65C27C43274FF977003DBEF6 /* UITableViewCell+.swift */,
				65C27C4C274FFF0F003DBEF6 /* UIViewController+.swift */,
				65C27C51274FFF8C003DBEF6 /* NSObject+.swift */,
			);
			path = Extension;
			sourceTree = "<group>";
		};
		65C27C5F27500615003DBEF6 /* Child */ = {
			isa = PBXGroup;
			children = (
				65C27C682750ABC0003DBEF6 /* kei */,
				65C27C672750ABBD003DBEF6 /* keke */,
				65C27C662750ABBB003DBEF6 /* katoshin */,
				65C27C652750ABB8003DBEF6 /* kame */,
				65C27C642750ABB5003DBEF6 /* masaki */,
				65C27C632750ABB2003DBEF6 /* ryouma */,
				4526E07727343BF900BC93B0 /* Template */,
			);
			path = Child;
			sourceTree = "<group>";
		};
		65C27C632750ABB2003DBEF6 /* ryouma */ = {
			isa = PBXGroup;
			children = (
				65C27C9C2750AC76003DBEF6 /* RyomaViewController.swift */,
				65C27CA12750AC7F003DBEF6 /* RyomaViewController.storyboard */,
			);
			path = ryouma;
			sourceTree = "<group>";
		};
		65C27C642750ABB5003DBEF6 /* masaki */ = {
			isa = PBXGroup;
			children = (
				65C27C922750AC60003DBEF6 /* MasakiViewController.storyboard */,
				65C27C972750AC6A003DBEF6 /* MasakiViewController.swift */,
			);
			path = masaki;
			sourceTree = "<group>";
		};
		65C27C652750ABB8003DBEF6 /* kame */ = {
			isa = PBXGroup;
			children = (
				65C27C882750AC4C003DBEF6 /* KameViewController.swift */,
				65C27C8D2750AC54003DBEF6 /* KameViewController.storyboard */,
			);
			path = kame;
			sourceTree = "<group>";
		};
		65C27C662750ABBB003DBEF6 /* katoshin */ = {
			isa = PBXGroup;
			children = (
				65C27C7E2750AC30003DBEF6 /* KatoshinViewController.swift */,
				65C27C832750AC3B003DBEF6 /* KatoshinViewController.storyboard */,
			);
			path = katoshin;
			sourceTree = "<group>";
		};
		65C27C672750ABBD003DBEF6 /* keke */ = {
			isa = PBXGroup;
			children = (
				639275C12791501C00D88CCA /* Gunshot01-1.mp3 */,
				639275BB27914B3000D88CCA /* StopAlarmViewController.swift */,
				639275B727914B3000D88CCA /* CurrentTime.swift */,
				639275B827914B3000D88CCA /* KekeViewController.storyboard */,
				639275B927914B3000D88CCA /* KekeViewController.swift */,
				639275BA27914B3000D88CCA /* Alarm.swift */,
			);
			path = keke;
			sourceTree = "<group>";
		};
		65C27C682750ABC0003DBEF6 /* kei */ = {
			isa = PBXGroup;
			children = (
				65C27C6A2750ABFA003DBEF6 /* KeiViewController.swift */,
				65C27C6F2750AC0B003DBEF6 /* KeiViewController.storyboard */,
			);
			path = kei;
			sourceTree = "<group>";
		};
/* End PBXGroup section */

/* Begin PBXNativeTarget section */
		4526E01D2734384F00BC93B0 /* JointDev */ = {
			isa = PBXNativeTarget;
			buildConfigurationList = 4526E04B2734385200BC93B0 /* Build configuration list for PBXNativeTarget "JointDev" */;
			buildPhases = (
				4526E01A2734384F00BC93B0 /* Sources */,
				4526E01B2734384F00BC93B0 /* Frameworks */,
				4526E01C2734384F00BC93B0 /* Resources */,
			);
			buildRules = (
			);
			dependencies = (
			);
			name = JointDev;
			productName = JointDev;
			productReference = 4526E01E2734384F00BC93B0 /* JointDev.app */;
			productType = "com.apple.product-type.application";
		};
		4526E0362734385200BC93B0 /* JointDevTests */ = {
			isa = PBXNativeTarget;
			buildConfigurationList = 4526E04E2734385200BC93B0 /* Build configuration list for PBXNativeTarget "JointDevTests" */;
			buildPhases = (
				4526E0332734385200BC93B0 /* Sources */,
				4526E0342734385200BC93B0 /* Frameworks */,
				4526E0352734385200BC93B0 /* Resources */,
			);
			buildRules = (
			);
			dependencies = (
				4526E0392734385200BC93B0 /* PBXTargetDependency */,
			);
			name = JointDevTests;
			productName = JointDevTests;
			productReference = 4526E0372734385200BC93B0 /* JointDevTests.xctest */;
			productType = "com.apple.product-type.bundle.unit-test";
		};
		4526E0412734385200BC93B0 /* JointDevUITests */ = {
			isa = PBXNativeTarget;
			buildConfigurationList = 4526E0512734385200BC93B0 /* Build configuration list for PBXNativeTarget "JointDevUITests" */;
			buildPhases = (
				4526E03E2734385200BC93B0 /* Sources */,
				4526E03F2734385200BC93B0 /* Frameworks */,
				4526E0402734385200BC93B0 /* Resources */,
			);
			buildRules = (
			);
			dependencies = (
				4526E0442734385200BC93B0 /* PBXTargetDependency */,
			);
			name = JointDevUITests;
			productName = JointDevUITests;
			productReference = 4526E0422734385200BC93B0 /* JointDevUITests.xctest */;
			productType = "com.apple.product-type.bundle.ui-testing";
		};
/* End PBXNativeTarget section */

/* Begin PBXProject section */
		4526E0162734384F00BC93B0 /* Project object */ = {
			isa = PBXProject;
			attributes = {
				LastSwiftUpdateCheck = 1240;
				LastUpgradeCheck = 1240;
				TargetAttributes = {
					4526E01D2734384F00BC93B0 = {
						CreatedOnToolsVersion = 12.4;
					};
					4526E0362734385200BC93B0 = {
						CreatedOnToolsVersion = 12.4;
						TestTargetID = 4526E01D2734384F00BC93B0;
					};
					4526E0412734385200BC93B0 = {
						CreatedOnToolsVersion = 12.4;
						TestTargetID = 4526E01D2734384F00BC93B0;
					};
				};
			};
			buildConfigurationList = 4526E0192734384F00BC93B0 /* Build configuration list for PBXProject "JointDev" */;
			compatibilityVersion = "Xcode 9.3";
			developmentRegion = en;
			hasScannedForEncodings = 0;
			knownRegions = (
				en,
				Base,
			);
			mainGroup = 4526E0152734384F00BC93B0;
			productRefGroup = 4526E01F2734384F00BC93B0 /* Products */;
			projectDirPath = "";
			projectRoot = "";
			targets = (
				4526E01D2734384F00BC93B0 /* JointDev */,
				4526E0362734385200BC93B0 /* JointDevTests */,
				4526E0412734385200BC93B0 /* JointDevUITests */,
			);
		};
/* End PBXProject section */

/* Begin PBXResourcesBuildPhase section */
		4526E01C2734384F00BC93B0 /* Resources */ = {
			isa = PBXResourcesBuildPhase;
			buildActionMask = 2147483647;
			files = (
				65C27C8E2750AC54003DBEF6 /* KameViewController.storyboard in Resources */,
				65C27C842750AC3B003DBEF6 /* KatoshinViewController.storyboard in Resources */,
				4526E0312734385200BC93B0 /* LaunchScreen.storyboard in Resources */,
				65C27C932750AC60003DBEF6 /* MasakiViewController.storyboard in Resources */,
				639275C22791501C00D88CCA /* Gunshot01-1.mp3 in Resources */,
				4526E02E2734385200BC93B0 /* Assets.xcassets in Resources */,
				65C27CA22750AC7F003DBEF6 /* RyomaViewController.storyboard in Resources */,
				4526E0292734384F00BC93B0 /* Main.storyboard in Resources */,
				4526E07F27343C2500BC93B0 /* TempViewController.storyboard in Resources */,
				65C27C32274FE9DE003DBEF6 /* MainTableViewCell.xib in Resources */,
				639275BD27914B3000D88CCA /* KekeViewController.storyboard in Resources */,
				65C27C702750AC0B003DBEF6 /* KeiViewController.storyboard in Resources */,
			);
			runOnlyForDeploymentPostprocessing = 0;
		};
		4526E0352734385200BC93B0 /* Resources */ = {
			isa = PBXResourcesBuildPhase;
			buildActionMask = 2147483647;
			files = (
			);
			runOnlyForDeploymentPostprocessing = 0;
		};
		4526E0402734385200BC93B0 /* Resources */ = {
			isa = PBXResourcesBuildPhase;
			buildActionMask = 2147483647;
			files = (
			);
			runOnlyForDeploymentPostprocessing = 0;
		};
/* End PBXResourcesBuildPhase section */

/* Begin PBXSourcesBuildPhase section */
		4526E01A2734384F00BC93B0 /* Sources */ = {
			isa = PBXSourcesBuildPhase;
			buildActionMask = 2147483647;
			files = (
				4526E02C2734384F00BC93B0 /* JointDev.xcdatamodeld in Sources */,
				4526E08927343C5800BC93B0 /* TempModel.swift in Sources */,
				65C27C982750AC6A003DBEF6 /* MasakiViewController.swift in Sources */,
				65C27C4D274FFF0F003DBEF6 /* UIViewController+.swift in Sources */,
				65C27C44274FF977003DBEF6 /* UITableViewCell+.swift in Sources */,
				65C27C31274FE9DE003DBEF6 /* MainTableViewCell.swift in Sources */,
				4526E07927343C0F00BC93B0 /* TempViewController.swift in Sources */,
				65C27C6B2750ABFA003DBEF6 /* KeiViewController.swift in Sources */,
				65C27C7F2750AC30003DBEF6 /* KatoshinViewController.swift in Sources */,
				639275C027914B3000D88CCA /* StopAlarmViewController.swift in Sources */,
				4526E0262734384F00BC93B0 /* MainViewController.swift in Sources */,
				639275BC27914B3000D88CCA /* CurrentTime.swift in Sources */,
				639275BF27914B3000D88CCA /* Alarm.swift in Sources */,
				65C27C892750AC4C003DBEF6 /* KameViewController.swift in Sources */,
				4526E0222734384F00BC93B0 /* AppDelegate.swift in Sources */,
				4526E08427343C3D00BC93B0 /* TempViewModel.swift in Sources */,
				4526E0242734384F00BC93B0 /* SceneDelegate.swift in Sources */,
				639275BE27914B3000D88CCA /* KekeViewController.swift in Sources */,
				65C27C52274FFF8C003DBEF6 /* NSObject+.swift in Sources */,
				65C27C3C274FECC3003DBEF6 /* MainModel.swift in Sources */,
				65C27C9D2750AC76003DBEF6 /* RyomaViewController.swift in Sources */,
				65C27C37274FEC9B003DBEF6 /* MainViewModel.swift in Sources */,
			);
			runOnlyForDeploymentPostprocessing = 0;
		};
		4526E0332734385200BC93B0 /* Sources */ = {
			isa = PBXSourcesBuildPhase;
			buildActionMask = 2147483647;
			files = (
				4526E03C2734385200BC93B0 /* JointDevTests.swift in Sources */,
			);
			runOnlyForDeploymentPostprocessing = 0;
		};
		4526E03E2734385200BC93B0 /* Sources */ = {
			isa = PBXSourcesBuildPhase;
			buildActionMask = 2147483647;
			files = (
				4526E0472734385200BC93B0 /* JointDevUITests.swift in Sources */,
			);
			runOnlyForDeploymentPostprocessing = 0;
		};
/* End PBXSourcesBuildPhase section */

/* Begin PBXTargetDependency section */
		4526E0392734385200BC93B0 /* PBXTargetDependency */ = {
			isa = PBXTargetDependency;
			target = 4526E01D2734384F00BC93B0 /* JointDev */;
			targetProxy = 4526E0382734385200BC93B0 /* PBXContainerItemProxy */;
		};
		4526E0442734385200BC93B0 /* PBXTargetDependency */ = {
			isa = PBXTargetDependency;
			target = 4526E01D2734384F00BC93B0 /* JointDev */;
			targetProxy = 4526E0432734385200BC93B0 /* PBXContainerItemProxy */;
		};
/* End PBXTargetDependency section */

/* Begin PBXVariantGroup section */
		4526E0272734384F00BC93B0 /* Main.storyboard */ = {
			isa = PBXVariantGroup;
			children = (
				4526E0282734384F00BC93B0 /* Base */,
			);
			name = Main.storyboard;
			sourceTree = "<group>";
		};
		4526E02F2734385200BC93B0 /* LaunchScreen.storyboard */ = {
			isa = PBXVariantGroup;
			children = (
				4526E0302734385200BC93B0 /* Base */,
			);
			name = LaunchScreen.storyboard;
			sourceTree = "<group>";
		};
/* End PBXVariantGroup section */

/* Begin XCBuildConfiguration section */
		4526E0492734385200BC93B0 /* Debug */ = {
			isa = XCBuildConfiguration;
			buildSettings = {
				ALWAYS_SEARCH_USER_PATHS = NO;
				CLANG_ANALYZER_NONNULL = YES;
				CLANG_ANALYZER_NUMBER_OBJECT_CONVERSION = YES_AGGRESSIVE;
				CLANG_CXX_LANGUAGE_STANDARD = "gnu++14";
				CLANG_CXX_LIBRARY = "libc++";
				CLANG_ENABLE_MODULES = YES;
				CLANG_ENABLE_OBJC_ARC = YES;
				CLANG_ENABLE_OBJC_WEAK = YES;
				CLANG_WARN_BLOCK_CAPTURE_AUTORELEASING = YES;
				CLANG_WARN_BOOL_CONVERSION = YES;
				CLANG_WARN_COMMA = YES;
				CLANG_WARN_CONSTANT_CONVERSION = YES;
				CLANG_WARN_DEPRECATED_OBJC_IMPLEMENTATIONS = YES;
				CLANG_WARN_DIRECT_OBJC_ISA_USAGE = YES_ERROR;
				CLANG_WARN_DOCUMENTATION_COMMENTS = YES;
				CLANG_WARN_EMPTY_BODY = YES;
				CLANG_WARN_ENUM_CONVERSION = YES;
				CLANG_WARN_INFINITE_RECURSION = YES;
				CLANG_WARN_INT_CONVERSION = YES;
				CLANG_WARN_NON_LITERAL_NULL_CONVERSION = YES;
				CLANG_WARN_OBJC_IMPLICIT_RETAIN_SELF = YES;
				CLANG_WARN_OBJC_LITERAL_CONVERSION = YES;
				CLANG_WARN_OBJC_ROOT_CLASS = YES_ERROR;
				CLANG_WARN_QUOTED_INCLUDE_IN_FRAMEWORK_HEADER = YES;
				CLANG_WARN_RANGE_LOOP_ANALYSIS = YES;
				CLANG_WARN_STRICT_PROTOTYPES = YES;
				CLANG_WARN_SUSPICIOUS_MOVE = YES;
				CLANG_WARN_UNGUARDED_AVAILABILITY = YES_AGGRESSIVE;
				CLANG_WARN_UNREACHABLE_CODE = YES;
				CLANG_WARN__DUPLICATE_METHOD_MATCH = YES;
				COPY_PHASE_STRIP = NO;
				DEBUG_INFORMATION_FORMAT = dwarf;
				ENABLE_STRICT_OBJC_MSGSEND = YES;
				ENABLE_TESTABILITY = YES;
				GCC_C_LANGUAGE_STANDARD = gnu11;
				GCC_DYNAMIC_NO_PIC = NO;
				GCC_NO_COMMON_BLOCKS = YES;
				GCC_OPTIMIZATION_LEVEL = 0;
				GCC_PREPROCESSOR_DEFINITIONS = (
					"DEBUG=1",
					"$(inherited)",
				);
				GCC_WARN_64_TO_32_BIT_CONVERSION = YES;
				GCC_WARN_ABOUT_RETURN_TYPE = YES_ERROR;
				GCC_WARN_UNDECLARED_SELECTOR = YES;
				GCC_WARN_UNINITIALIZED_AUTOS = YES_AGGRESSIVE;
				GCC_WARN_UNUSED_FUNCTION = YES;
				GCC_WARN_UNUSED_VARIABLE = YES;
				IPHONEOS_DEPLOYMENT_TARGET = 14.4;
				MTL_ENABLE_DEBUG_INFO = INCLUDE_SOURCE;
				MTL_FAST_MATH = YES;
				ONLY_ACTIVE_ARCH = YES;
				SDKROOT = iphoneos;
				SWIFT_ACTIVE_COMPILATION_CONDITIONS = DEBUG;
				SWIFT_OPTIMIZATION_LEVEL = "-Onone";
			};
			name = Debug;
		};
		4526E04A2734385200BC93B0 /* Release */ = {
			isa = XCBuildConfiguration;
			buildSettings = {
				ALWAYS_SEARCH_USER_PATHS = NO;
				CLANG_ANALYZER_NONNULL = YES;
				CLANG_ANALYZER_NUMBER_OBJECT_CONVERSION = YES_AGGRESSIVE;
				CLANG_CXX_LANGUAGE_STANDARD = "gnu++14";
				CLANG_CXX_LIBRARY = "libc++";
				CLANG_ENABLE_MODULES = YES;
				CLANG_ENABLE_OBJC_ARC = YES;
				CLANG_ENABLE_OBJC_WEAK = YES;
				CLANG_WARN_BLOCK_CAPTURE_AUTORELEASING = YES;
				CLANG_WARN_BOOL_CONVERSION = YES;
				CLANG_WARN_COMMA = YES;
				CLANG_WARN_CONSTANT_CONVERSION = YES;
				CLANG_WARN_DEPRECATED_OBJC_IMPLEMENTATIONS = YES;
				CLANG_WARN_DIRECT_OBJC_ISA_USAGE = YES_ERROR;
				CLANG_WARN_DOCUMENTATION_COMMENTS = YES;
				CLANG_WARN_EMPTY_BODY = YES;
				CLANG_WARN_ENUM_CONVERSION = YES;
				CLANG_WARN_INFINITE_RECURSION = YES;
				CLANG_WARN_INT_CONVERSION = YES;
				CLANG_WARN_NON_LITERAL_NULL_CONVERSION = YES;
				CLANG_WARN_OBJC_IMPLICIT_RETAIN_SELF = YES;
				CLANG_WARN_OBJC_LITERAL_CONVERSION = YES;
				CLANG_WARN_OBJC_ROOT_CLASS = YES_ERROR;
				CLANG_WARN_QUOTED_INCLUDE_IN_FRAMEWORK_HEADER = YES;
				CLANG_WARN_RANGE_LOOP_ANALYSIS = YES;
				CLANG_WARN_STRICT_PROTOTYPES = YES;
				CLANG_WARN_SUSPICIOUS_MOVE = YES;
				CLANG_WARN_UNGUARDED_AVAILABILITY = YES_AGGRESSIVE;
				CLANG_WARN_UNREACHABLE_CODE = YES;
				CLANG_WARN__DUPLICATE_METHOD_MATCH = YES;
				COPY_PHASE_STRIP = NO;
				DEBUG_INFORMATION_FORMAT = "dwarf-with-dsym";
				ENABLE_NS_ASSERTIONS = NO;
				ENABLE_STRICT_OBJC_MSGSEND = YES;
				GCC_C_LANGUAGE_STANDARD = gnu11;
				GCC_NO_COMMON_BLOCKS = YES;
				GCC_WARN_64_TO_32_BIT_CONVERSION = YES;
				GCC_WARN_ABOUT_RETURN_TYPE = YES_ERROR;
				GCC_WARN_UNDECLARED_SELECTOR = YES;
				GCC_WARN_UNINITIALIZED_AUTOS = YES_AGGRESSIVE;
				GCC_WARN_UNUSED_FUNCTION = YES;
				GCC_WARN_UNUSED_VARIABLE = YES;
				IPHONEOS_DEPLOYMENT_TARGET = 14.4;
				MTL_ENABLE_DEBUG_INFO = NO;
				MTL_FAST_MATH = YES;
				SDKROOT = iphoneos;
				SWIFT_COMPILATION_MODE = wholemodule;
				SWIFT_OPTIMIZATION_LEVEL = "-O";
				VALIDATE_PRODUCT = YES;
			};
			name = Release;
		};
		4526E04C2734385200BC93B0 /* Debug */ = {
			isa = XCBuildConfiguration;
			buildSettings = {
				ASSETCATALOG_COMPILER_APPICON_NAME = AppIcon;
				ASSETCATALOG_COMPILER_GLOBAL_ACCENT_COLOR_NAME = AccentColor;
				CODE_SIGN_STYLE = Automatic;
				DEVELOPMENT_TEAM = VCP5B95XH9;
				INFOPLIST_FILE = JointDev/Support/Info.plist;
				LD_RUNPATH_SEARCH_PATHS = (
					"$(inherited)",
					"@executable_path/Frameworks",
				);
				PRODUCT_BUNDLE_IDENTIFIER = com.JointDev;
				PRODUCT_NAME = "$(TARGET_NAME)";
				SWIFT_VERSION = 5.0;
				TARGETED_DEVICE_FAMILY = "1,2";
			};
			name = Debug;
		};
		4526E04D2734385200BC93B0 /* Release */ = {
			isa = XCBuildConfiguration;
			buildSettings = {
				ASSETCATALOG_COMPILER_APPICON_NAME = AppIcon;
				ASSETCATALOG_COMPILER_GLOBAL_ACCENT_COLOR_NAME = AccentColor;
				CODE_SIGN_STYLE = Automatic;
				DEVELOPMENT_TEAM = VCP5B95XH9;
				INFOPLIST_FILE = JointDev/Support/Info.plist;
				LD_RUNPATH_SEARCH_PATHS = (
					"$(inherited)",
					"@executable_path/Frameworks",
				);
				PRODUCT_BUNDLE_IDENTIFIER = com.JointDev;
				PRODUCT_NAME = "$(TARGET_NAME)";
				SWIFT_VERSION = 5.0;
				TARGETED_DEVICE_FAMILY = "1,2";
			};
			name = Release;
		};
		4526E04F2734385200BC93B0 /* Debug */ = {
			isa = XCBuildConfiguration;
			buildSettings = {
				ALWAYS_EMBED_SWIFT_STANDARD_LIBRARIES = YES;
				BUNDLE_LOADER = "$(TEST_HOST)";
				CODE_SIGN_STYLE = Automatic;
				DEVELOPMENT_TEAM = VCP5B95XH9;
				INFOPLIST_FILE = JointDevTests/Info.plist;
				IPHONEOS_DEPLOYMENT_TARGET = 14.4;
				LD_RUNPATH_SEARCH_PATHS = (
					"$(inherited)",
					"@executable_path/Frameworks",
					"@loader_path/Frameworks",
				);
				PRODUCT_BUNDLE_IDENTIFIER = com.JointDevTests;
				PRODUCT_NAME = "$(TARGET_NAME)";
				SWIFT_VERSION = 5.0;
				TARGETED_DEVICE_FAMILY = "1,2";
				TEST_HOST = "$(BUILT_PRODUCTS_DIR)/JointDev.app/JointDev";
			};
			name = Debug;
		};
		4526E0502734385200BC93B0 /* Release */ = {
			isa = XCBuildConfiguration;
			buildSettings = {
				ALWAYS_EMBED_SWIFT_STANDARD_LIBRARIES = YES;
				BUNDLE_LOADER = "$(TEST_HOST)";
				CODE_SIGN_STYLE = Automatic;
				DEVELOPMENT_TEAM = VCP5B95XH9;
				INFOPLIST_FILE = JointDevTests/Info.plist;
				IPHONEOS_DEPLOYMENT_TARGET = 14.4;
				LD_RUNPATH_SEARCH_PATHS = (
					"$(inherited)",
					"@executable_path/Frameworks",
					"@loader_path/Frameworks",
				);
				PRODUCT_BUNDLE_IDENTIFIER = com.JointDevTests;
				PRODUCT_NAME = "$(TARGET_NAME)";
				SWIFT_VERSION = 5.0;
				TARGETED_DEVICE_FAMILY = "1,2";
				TEST_HOST = "$(BUILT_PRODUCTS_DIR)/JointDev.app/JointDev";
			};
			name = Release;
		};
		4526E0522734385200BC93B0 /* Debug */ = {
			isa = XCBuildConfiguration;
			buildSettings = {
				ALWAYS_EMBED_SWIFT_STANDARD_LIBRARIES = YES;
				CODE_SIGN_STYLE = Automatic;
				DEVELOPMENT_TEAM = VCP5B95XH9;
				INFOPLIST_FILE = JointDevUITests/Info.plist;
				LD_RUNPATH_SEARCH_PATHS = (
					"$(inherited)",
					"@executable_path/Frameworks",
					"@loader_path/Frameworks",
				);
				PRODUCT_BUNDLE_IDENTIFIER = com.JointDevUITests;
				PRODUCT_NAME = "$(TARGET_NAME)";
				SWIFT_VERSION = 5.0;
				TARGETED_DEVICE_FAMILY = "1,2";
				TEST_TARGET_NAME = JointDev;
			};
			name = Debug;
		};
		4526E0532734385200BC93B0 /* Release */ = {
			isa = XCBuildConfiguration;
			buildSettings = {
				ALWAYS_EMBED_SWIFT_STANDARD_LIBRARIES = YES;
				CODE_SIGN_STYLE = Automatic;
				DEVELOPMENT_TEAM = VCP5B95XH9;
				INFOPLIST_FILE = JointDevUITests/Info.plist;
				LD_RUNPATH_SEARCH_PATHS = (
					"$(inherited)",
					"@executable_path/Frameworks",
					"@loader_path/Frameworks",
				);
				PRODUCT_BUNDLE_IDENTIFIER = com.JointDevUITests;
				PRODUCT_NAME = "$(TARGET_NAME)";
				SWIFT_VERSION = 5.0;
				TARGETED_DEVICE_FAMILY = "1,2";
				TEST_TARGET_NAME = JointDev;
			};
			name = Release;
		};
/* End XCBuildConfiguration section */

/* Begin XCConfigurationList section */
		4526E0192734384F00BC93B0 /* Build configuration list for PBXProject "JointDev" */ = {
			isa = XCConfigurationList;
			buildConfigurations = (
				4526E0492734385200BC93B0 /* Debug */,
				4526E04A2734385200BC93B0 /* Release */,
			);
			defaultConfigurationIsVisible = 0;
			defaultConfigurationName = Debug;
		};
		4526E04B2734385200BC93B0 /* Build configuration list for PBXNativeTarget "JointDev" */ = {
			isa = XCConfigurationList;
			buildConfigurations = (
				4526E04C2734385200BC93B0 /* Debug */,
				4526E04D2734385200BC93B0 /* Release */,
			);
			defaultConfigurationIsVisible = 0;
			defaultConfigurationName = Debug;
		};
		4526E04E2734385200BC93B0 /* Build configuration list for PBXNativeTarget "JointDevTests" */ = {
			isa = XCConfigurationList;
			buildConfigurations = (
				4526E04F2734385200BC93B0 /* Debug */,
				4526E0502734385200BC93B0 /* Release */,
			);
			defaultConfigurationIsVisible = 0;
			defaultConfigurationName = Debug;
		};
		4526E0512734385200BC93B0 /* Build configuration list for PBXNativeTarget "JointDevUITests" */ = {
			isa = XCConfigurationList;
			buildConfigurations = (
				4526E0522734385200BC93B0 /* Debug */,
				4526E0532734385200BC93B0 /* Release */,
			);
			defaultConfigurationIsVisible = 0;
			defaultConfigurationName = Debug;
		};
/* End XCConfigurationList section */

/* Begin XCVersionGroup section */
		4526E02A2734384F00BC93B0 /* JointDev.xcdatamodeld */ = {
			isa = XCVersionGroup;
			children = (
				4526E02B2734384F00BC93B0 /* JointDev.xcdatamodel */,
			);
			currentVersion = 4526E02B2734384F00BC93B0 /* JointDev.xcdatamodel */;
			path = JointDev.xcdatamodeld;
			sourceTree = "<group>";
			versionGroupType = wrapper.xcdatamodel;
		};
/* End XCVersionGroup section */
	};
	rootObject = 4526E0162734384F00BC93B0 /* Project object */;
}
